// !$*UTF8*$!
{
	archiveVersion = 1;
	classes = {
	};
	objectVersion = 56;
	objects = {

/* Begin PBXBuildFile section */
		9A5091222930F9AF007D0C09 /* CollectionViewModelCell.swift in Sources */ = {isa = PBXBuildFile; fileRef = 9A5091212930F9AF007D0C09 /* CollectionViewModelCell.swift */; };
		9A5091242930F9BF007D0C09 /* CollectionViewCellViewModelType.swift in Sources */ = {isa = PBXBuildFile; fileRef = 9A5091232930F9BF007D0C09 /* CollectionViewCellViewModelType.swift */; };
		9A5091262930F9C4007D0C09 /* CollectionViewViewModelType.swift in Sources */ = {isa = PBXBuildFile; fileRef = 9A5091252930F9C4007D0C09 /* CollectionViewViewModelType.swift */; };
		9A509128293105E8007D0C09 /* TableViewHeader.swift in Sources */ = {isa = PBXBuildFile; fileRef = 9A509127293105E8007D0C09 /* TableViewHeader.swift */; };
		9A50912B29310605007D0C09 /* TableViewHeader.xib in Resources */ = {isa = PBXBuildFile; fileRef = 9A50912A29310605007D0C09 /* TableViewHeader.xib */; };
		9A6228C2292F970900695353 /* MainViewModel.swift in Sources */ = {isa = PBXBuildFile; fileRef = 9A6228C1292F970900695353 /* MainViewModel.swift */; };
		9A6228C5292F974700695353 /* APIManager.swift in Sources */ = {isa = PBXBuildFile; fileRef = 9A6228C4292F974700695353 /* APIManager.swift */; };
		9A7D729E293A69210045D683 /* CollectionViewCell.swift in Sources */ = {isa = PBXBuildFile; fileRef = 9A7D729D293A69210045D683 /* CollectionViewCell.swift */; };
		9A7D72A0293A693E0045D683 /* CollectionViewCell.xib in Resources */ = {isa = PBXBuildFile; fileRef = 9A7D729F293A693E0045D683 /* CollectionViewCell.xib */; };
		9A9C71C129323D6B0046AB40 /* MainScreen.storyboard in Resources */ = {isa = PBXBuildFile; fileRef = 9A9C71C029323D6B0046AB40 /* MainScreen.storyboard */; };
		9AA98281292FA21A00A99A4A /* WeatherModel.swift in Sources */ = {isa = PBXBuildFile; fileRef = 9AA98280292FA21A00A99A4A /* WeatherModel.swift */; };
		9AEA442E292FCCFD00BAEFC2 /* TableViewViewModelType.swift in Sources */ = {isa = PBXBuildFile; fileRef = 9AEA442D292FCCFD00BAEFC2 /* TableViewViewModelType.swift */; };
		9AEA4430292FCEE800BAEFC2 /* TableViewCellViewModelType.swift in Sources */ = {isa = PBXBuildFile; fileRef = 9AEA442F292FCEE800BAEFC2 /* TableViewCellViewModelType.swift */; };
		9AEA4432292FD14A00BAEFC2 /* TableViewModelCell.swift in Sources */ = {isa = PBXBuildFile; fileRef = 9AEA4431292FD14A00BAEFC2 /* TableViewModelCell.swift */; };
		9AEA4435292FD32100BAEFC2 /* Identifiers.swift in Sources */ = {isa = PBXBuildFile; fileRef = 9AEA4434292FD32100BAEFC2 /* Identifiers.swift */; };
		9AEA443D292FFBF000BAEFC2 /* TestTaskJSON.json in Resources */ = {isa = PBXBuildFile; fileRef = 9AEA443C292FFBF000BAEFC2 /* TestTaskJSON.json */; };
		9AFED8D9292E357700A7B0A1 /* AppDelegate.swift in Sources */ = {isa = PBXBuildFile; fileRef = 9AFED8D8292E357700A7B0A1 /* AppDelegate.swift */; };
		9AFED8DB292E357700A7B0A1 /* SceneDelegate.swift in Sources */ = {isa = PBXBuildFile; fileRef = 9AFED8DA292E357700A7B0A1 /* SceneDelegate.swift */; };
		9AFED8DD292E357700A7B0A1 /* MainViewController.swift in Sources */ = {isa = PBXBuildFile; fileRef = 9AFED8DC292E357700A7B0A1 /* MainViewController.swift */; };
		9AFED8E2292E357900A7B0A1 /* Assets.xcassets in Resources */ = {isa = PBXBuildFile; fileRef = 9AFED8E1292E357900A7B0A1 /* Assets.xcassets */; };
		9AFED8E5292E357900A7B0A1 /* LaunchScreen.storyboard in Resources */ = {isa = PBXBuildFile; fileRef = 9AFED8E3292E357900A7B0A1 /* LaunchScreen.storyboard */; };
		9AFED8F7292E5E7200A7B0A1 /* TableViewCell.swift in Sources */ = {isa = PBXBuildFile; fileRef = 9AFED8F5292E5E7200A7B0A1 /* TableViewCell.swift */; };
		9AFED8F8292E5E7200A7B0A1 /* TableViewCell.xib in Resources */ = {isa = PBXBuildFile; fileRef = 9AFED8F6292E5E7200A7B0A1 /* TableViewCell.xib */; };
/* End PBXBuildFile section */

/* Begin PBXFileReference section */
		9A5091212930F9AF007D0C09 /* CollectionViewModelCell.swift */ = {isa = PBXFileReference; fileEncoding = 4; lastKnownFileType = sourcecode.swift; path = CollectionViewModelCell.swift; sourceTree = "<group>"; };
		9A5091232930F9BF007D0C09 /* CollectionViewCellViewModelType.swift */ = {isa = PBXFileReference; fileEncoding = 4; lastKnownFileType = sourcecode.swift; path = CollectionViewCellViewModelType.swift; sourceTree = "<group>"; };
		9A5091252930F9C4007D0C09 /* CollectionViewViewModelType.swift */ = {isa = PBXFileReference; fileEncoding = 4; lastKnownFileType = sourcecode.swift; path = CollectionViewViewModelType.swift; sourceTree = "<group>"; };
		9A509127293105E8007D0C09 /* TableViewHeader.swift */ = {isa = PBXFileReference; lastKnownFileType = sourcecode.swift; path = TableViewHeader.swift; sourceTree = "<group>"; };
		9A50912A29310605007D0C09 /* TableViewHeader.xib */ = {isa = PBXFileReference; lastKnownFileType = file.xib; path = TableViewHeader.xib; sourceTree = "<group>"; };
		9A6228C1292F970900695353 /* MainViewModel.swift */ = {isa = PBXFileReference; lastKnownFileType = sourcecode.swift; path = MainViewModel.swift; sourceTree = "<group>"; };
		9A6228C4292F974700695353 /* APIManager.swift */ = {isa = PBXFileReference; lastKnownFileType = sourcecode.swift; path = APIManager.swift; sourceTree = "<group>"; };
		9A7D729D293A69210045D683 /* CollectionViewCell.swift */ = {isa = PBXFileReference; lastKnownFileType = sourcecode.swift; path = CollectionViewCell.swift; sourceTree = "<group>"; };
		9A7D729F293A693E0045D683 /* CollectionViewCell.xib */ = {isa = PBXFileReference; lastKnownFileType = file.xib; path = CollectionViewCell.xib; sourceTree = "<group>"; };
		9A9C71C029323D6B0046AB40 /* MainScreen.storyboard */ = {isa = PBXFileReference; fileEncoding = 4; lastKnownFileType = file.storyboard; path = MainScreen.storyboard; sourceTree = "<group>"; };
		9AA98280292FA21A00A99A4A /* WeatherModel.swift */ = {isa = PBXFileReference; lastKnownFileType = sourcecode.swift; path = WeatherModel.swift; sourceTree = "<group>"; };
		9AEA442D292FCCFD00BAEFC2 /* TableViewViewModelType.swift */ = {isa = PBXFileReference; lastKnownFileType = sourcecode.swift; path = TableViewViewModelType.swift; sourceTree = "<group>"; };
		9AEA442F292FCEE800BAEFC2 /* TableViewCellViewModelType.swift */ = {isa = PBXFileReference; lastKnownFileType = sourcecode.swift; path = TableViewCellViewModelType.swift; sourceTree = "<group>"; };
		9AEA4431292FD14A00BAEFC2 /* TableViewModelCell.swift */ = {isa = PBXFileReference; lastKnownFileType = sourcecode.swift; path = TableViewModelCell.swift; sourceTree = "<group>"; };
		9AEA4434292FD32100BAEFC2 /* Identifiers.swift */ = {isa = PBXFileReference; lastKnownFileType = sourcecode.swift; path = Identifiers.swift; sourceTree = "<group>"; };
		9AEA443C292FFBF000BAEFC2 /* TestTaskJSON.json */ = {isa = PBXFileReference; fileEncoding = 4; lastKnownFileType = text.json; name = TestTaskJSON.json; path = ../../../../Downloads/TestTaskJSON.json; sourceTree = "<group>"; };
		9AFED8D5292E357700A7B0A1 /* XOneTT.app */ = {isa = PBXFileReference; explicitFileType = wrapper.application; includeInIndex = 0; path = XOneTT.app; sourceTree = BUILT_PRODUCTS_DIR; };
		9AFED8D8292E357700A7B0A1 /* AppDelegate.swift */ = {isa = PBXFileReference; lastKnownFileType = sourcecode.swift; path = AppDelegate.swift; sourceTree = "<group>"; };
		9AFED8DA292E357700A7B0A1 /* SceneDelegate.swift */ = {isa = PBXFileReference; lastKnownFileType = sourcecode.swift; path = SceneDelegate.swift; sourceTree = "<group>"; };
		9AFED8DC292E357700A7B0A1 /* MainViewController.swift */ = {isa = PBXFileReference; lastKnownFileType = sourcecode.swift; path = MainViewController.swift; sourceTree = "<group>"; };
		9AFED8E1292E357900A7B0A1 /* Assets.xcassets */ = {isa = PBXFileReference; lastKnownFileType = folder.assetcatalog; path = Assets.xcassets; sourceTree = "<group>"; };
		9AFED8E4292E357900A7B0A1 /* Base */ = {isa = PBXFileReference; lastKnownFileType = file.storyboard; name = Base; path = Base.lproj/LaunchScreen.storyboard; sourceTree = "<group>"; };
		9AFED8E6292E357900A7B0A1 /* Info.plist */ = {isa = PBXFileReference; lastKnownFileType = text.plist.xml; path = Info.plist; sourceTree = "<group>"; };
		9AFED8F5292E5E7200A7B0A1 /* TableViewCell.swift */ = {isa = PBXFileReference; lastKnownFileType = sourcecode.swift; path = TableViewCell.swift; sourceTree = "<group>"; };
		9AFED8F6292E5E7200A7B0A1 /* TableViewCell.xib */ = {isa = PBXFileReference; lastKnownFileType = file.xib; path = TableViewCell.xib; sourceTree = "<group>"; };
/* End PBXFileReference section */

/* Begin PBXFrameworksBuildPhase section */
		9AFED8D2292E357700A7B0A1 /* Frameworks */ = {
			isa = PBXFrameworksBuildPhase;
			buildActionMask = 2147483647;
			files = (
			);
			runOnlyForDeploymentPostprocessing = 0;
		};
/* End PBXFrameworksBuildPhase section */

/* Begin PBXGroup section */
		9A5091162930F865007D0C09 /* CollectionViewCell */ = {
			isa = PBXGroup;
			children = (
				9A7D729D293A69210045D683 /* CollectionViewCell.swift */,
				9A7D729F293A693E0045D683 /* CollectionViewCell.xib */,
				9A5091212930F9AF007D0C09 /* CollectionViewModelCell.swift */,
			);
			path = CollectionViewCell;
			sourceTree = "<group>";
		};
		9A509129293105F3007D0C09 /* TableViewHeader */ = {
			isa = PBXGroup;
			children = (
				9A509127293105E8007D0C09 /* TableViewHeader.swift */,
				9A50912A29310605007D0C09 /* TableViewHeader.xib */,
			);
			path = TableViewHeader;
			sourceTree = "<group>";
		};
		9A6228C0292F96F900695353 /* MainViewModel */ = {
			isa = PBXGroup;
			children = (
				9A6228C1292F970900695353 /* MainViewModel.swift */,
			);
			path = MainViewModel;
			sourceTree = "<group>";
		};
		9A6228C3292F971A00695353 /* Models */ = {
			isa = PBXGroup;
			children = (
				9A6228C4292F974700695353 /* APIManager.swift */,
				9AA98280292FA21A00A99A4A /* WeatherModel.swift */,
			);
			path = Models;
			sourceTree = "<group>";
		};
		9AEA442B292FCCC300BAEFC2 /* Utils */ = {
			isa = PBXGroup;
			children = (
				9AEA4433292FD31400BAEFC2 /* Enums */,
				9AEA442C292FCCE800BAEFC2 /* Protocols */,
			);
			path = Utils;
			sourceTree = "<group>";
		};
		9AEA442C292FCCE800BAEFC2 /* Protocols */ = {
			isa = PBXGroup;
			children = (
				9AEA442D292FCCFD00BAEFC2 /* TableViewViewModelType.swift */,
				9AEA442F292FCEE800BAEFC2 /* TableViewCellViewModelType.swift */,
				9A5091252930F9C4007D0C09 /* CollectionViewViewModelType.swift */,
				9A5091232930F9BF007D0C09 /* CollectionViewCellViewModelType.swift */,
			);
			path = Protocols;
			sourceTree = "<group>";
		};
		9AEA4433292FD31400BAEFC2 /* Enums */ = {
			isa = PBXGroup;
			children = (
				9AEA4434292FD32100BAEFC2 /* Identifiers.swift */,
			);
			path = Enums;
			sourceTree = "<group>";
		};
		9AFED8CC292E357700A7B0A1 = {
			isa = PBXGroup;
			children = (
				9AFED8D7292E357700A7B0A1 /* XOneTT */,
				9AFED8D6292E357700A7B0A1 /* Products */,
			);
			sourceTree = "<group>";
		};
		9AFED8D6292E357700A7B0A1 /* Products */ = {
			isa = PBXGroup;
			children = (
				9AFED8D5292E357700A7B0A1 /* XOneTT.app */,
			);
			name = Products;
			sourceTree = "<group>";
		};
		9AFED8D7292E357700A7B0A1 /* XOneTT */ = {
			isa = PBXGroup;
			children = (
				9AEA442B292FCCC300BAEFC2 /* Utils */,
				9A6228C3292F971A00695353 /* Models */,
				9AFED8EE292E359D00A7B0A1 /* MainViewController */,
				9AFED8ED292E358C00A7B0A1 /* Resources */,
				9AFED8EC292E358000A7B0A1 /* Application */,
				9AFED8E6292E357900A7B0A1 /* Info.plist */,
			);
			path = XOneTT;
			sourceTree = "<group>";
		};
		9AFED8EC292E358000A7B0A1 /* Application */ = {
			isa = PBXGroup;
			children = (
				9AFED8D8292E357700A7B0A1 /* AppDelegate.swift */,
				9AFED8DA292E357700A7B0A1 /* SceneDelegate.swift */,
				9AFED8E3292E357900A7B0A1 /* LaunchScreen.storyboard */,
			);
			path = Application;
			sourceTree = "<group>";
		};
		9AFED8ED292E358C00A7B0A1 /* Resources */ = {
			isa = PBXGroup;
			children = (
				9AFED8E1292E357900A7B0A1 /* Assets.xcassets */,
				9AEA443C292FFBF000BAEFC2 /* TestTaskJSON.json */,
			);
			path = Resources;
			sourceTree = "<group>";
		};
		9AFED8EE292E359D00A7B0A1 /* MainViewController */ = {
			isa = PBXGroup;
			children = (
				9AFED8DC292E357700A7B0A1 /* MainViewController.swift */,
				9A9C71C029323D6B0046AB40 /* MainScreen.storyboard */,
				9A6228C0292F96F900695353 /* MainViewModel */,
				9A5091162930F865007D0C09 /* CollectionViewCell */,
				9AFED8F4292E5E5B00A7B0A1 /* TableViewCell */,
			);
			path = MainViewController;
			sourceTree = "<group>";
		};
		9AFED8F4292E5E5B00A7B0A1 /* TableViewCell */ = {
			isa = PBXGroup;
			children = (
				9AFED8F5292E5E7200A7B0A1 /* TableViewCell.swift */,
				9AFED8F6292E5E7200A7B0A1 /* TableViewCell.xib */,
				9AEA4431292FD14A00BAEFC2 /* TableViewModelCell.swift */,
				9A509129293105F3007D0C09 /* TableViewHeader */,
			);
			path = TableViewCell;
			sourceTree = "<group>";
		};
/* End PBXGroup section */

/* Begin PBXNativeTarget section */
		9AFED8D4292E357700A7B0A1 /* XOneTT */ = {
			isa = PBXNativeTarget;
			buildConfigurationList = 9AFED8E9292E357900A7B0A1 /* Build configuration list for PBXNativeTarget "XOneTT" */;
			buildPhases = (
				9AFED8D1292E357700A7B0A1 /* Sources */,
				9AFED8D2292E357700A7B0A1 /* Frameworks */,
				9AFED8D3292E357700A7B0A1 /* Resources */,
			);
			buildRules = (
			);
			dependencies = (
			);
			name = XOneTT;
			productName = XOneTT;
			productReference = 9AFED8D5292E357700A7B0A1 /* XOneTT.app */;
			productType = "com.apple.product-type.application";
		};
/* End PBXNativeTarget section */

/* Begin PBXProject section */
		9AFED8CD292E357700A7B0A1 /* Project object */ = {
			isa = PBXProject;
			attributes = {
				BuildIndependentTargetsInParallel = 1;
				LastSwiftUpdateCheck = 1410;
				LastUpgradeCheck = 1410;
				TargetAttributes = {
					9AFED8D4292E357700A7B0A1 = {
						CreatedOnToolsVersion = 14.1;
					};
				};
			};
			buildConfigurationList = 9AFED8D0292E357700A7B0A1 /* Build configuration list for PBXProject "XOneTT" */;
			compatibilityVersion = "Xcode 14.0";
			developmentRegion = en;
			hasScannedForEncodings = 0;
			knownRegions = (
				en,
				Base,
			);
			mainGroup = 9AFED8CC292E357700A7B0A1;
			productRefGroup = 9AFED8D6292E357700A7B0A1 /* Products */;
			projectDirPath = "";
			projectRoot = "";
			targets = (
				9AFED8D4292E357700A7B0A1 /* XOneTT */,
			);
		};
/* End PBXProject section */

/* Begin PBXResourcesBuildPhase section */
		9AFED8D3292E357700A7B0A1 /* Resources */ = {
			isa = PBXResourcesBuildPhase;
			buildActionMask = 2147483647;
			files = (
				9AEA443D292FFBF000BAEFC2 /* TestTaskJSON.json in Resources */,
				9A50912B29310605007D0C09 /* TableViewHeader.xib in Resources */,
				9AFED8E5292E357900A7B0A1 /* LaunchScreen.storyboard in Resources */,
				9AFED8F8292E5E7200A7B0A1 /* TableViewCell.xib in Resources */,
				9AFED8E2292E357900A7B0A1 /* Assets.xcassets in Resources */,
				9A7D72A0293A693E0045D683 /* CollectionViewCell.xib in Resources */,
				9A9C71C129323D6B0046AB40 /* MainScreen.storyboard in Resources */,
			);
			runOnlyForDeploymentPostprocessing = 0;
		};
/* End PBXResourcesBuildPhase section */

/* Begin PBXSourcesBuildPhase section */
		9AFED8D1292E357700A7B0A1 /* Sources */ = {
			isa = PBXSourcesBuildPhase;
			buildActionMask = 2147483647;
			files = (
				9AEA442E292FCCFD00BAEFC2 /* TableViewViewModelType.swift in Sources */,
				9AFED8F7292E5E7200A7B0A1 /* TableViewCell.swift in Sources */,
				9A7D729E293A69210045D683 /* CollectionViewCell.swift in Sources */,
				9A5091262930F9C4007D0C09 /* CollectionViewViewModelType.swift in Sources */,
				9AFED8DD292E357700A7B0A1 /* MainViewController.swift in Sources */,
				9AFED8D9292E357700A7B0A1 /* AppDelegate.swift in Sources */,
				9AA98281292FA21A00A99A4A /* WeatherModel.swift in Sources */,
				9A5091242930F9BF007D0C09 /* CollectionViewCellViewModelType.swift in Sources */,
				9AFED8DB292E357700A7B0A1 /* SceneDelegate.swift in Sources */,
				9A6228C2292F970900695353 /* MainViewModel.swift in Sources */,
				9AEA4432292FD14A00BAEFC2 /* TableViewModelCell.swift in Sources */,
				9A5091222930F9AF007D0C09 /* CollectionViewModelCell.swift in Sources */,
				9A509128293105E8007D0C09 /* TableViewHeader.swift in Sources */,
				9AEA4430292FCEE800BAEFC2 /* TableViewCellViewModelType.swift in Sources */,
				9AEA4435292FD32100BAEFC2 /* Identifiers.swift in Sources */,
				9A6228C5292F974700695353 /* APIManager.swift in Sources */,
			);
			runOnlyForDeploymentPostprocessing = 0;
		};
/* End PBXSourcesBuildPhase section */

/* Begin PBXVariantGroup section */
		9AFED8E3292E357900A7B0A1 /* LaunchScreen.storyboard */ = {
			isa = PBXVariantGroup;
			children = (
				9AFED8E4292E357900A7B0A1 /* Base */,
			);
			name = LaunchScreen.storyboard;
			sourceTree = "<group>";
		};
/* End PBXVariantGroup section */

/* Begin XCBuildConfiguration section */
		9AFED8E7292E357900A7B0A1 /* Debug */ = {
			isa = XCBuildConfiguration;
			buildSettings = {
				ALWAYS_SEARCH_USER_PATHS = NO;
				CLANG_ANALYZER_NONNULL = YES;
				CLANG_ANALYZER_NUMBER_OBJECT_CONVERSION = YES_AGGRESSIVE;
				CLANG_CXX_LANGUAGE_STANDARD = "gnu++20";
				CLANG_ENABLE_MODULES = YES;
				CLANG_ENABLE_OBJC_ARC = YES;
				CLANG_ENABLE_OBJC_WEAK = YES;
				CLANG_WARN_BLOCK_CAPTURE_AUTORELEASING = YES;
				CLANG_WARN_BOOL_CONVERSION = YES;
				CLANG_WARN_COMMA = YES;
				CLANG_WARN_CONSTANT_CONVERSION = YES;
				CLANG_WARN_DEPRECATED_OBJC_IMPLEMENTATIONS = YES;
				CLANG_WARN_DIRECT_OBJC_ISA_USAGE = YES_ERROR;
				CLANG_WARN_DOCUMENTATION_COMMENTS = YES;
				CLANG_WARN_EMPTY_BODY = YES;
				CLANG_WARN_ENUM_CONVERSION = YES;
				CLANG_WARN_INFINITE_RECURSION = YES;
				CLANG_WARN_INT_CONVERSION = YES;
				CLANG_WARN_NON_LITERAL_NULL_CONVERSION = YES;
				CLANG_WARN_OBJC_IMPLICIT_RETAIN_SELF = YES;
				CLANG_WARN_OBJC_LITERAL_CONVERSION = YES;
				CLANG_WARN_OBJC_ROOT_CLASS = YES_ERROR;
				CLANG_WARN_QUOTED_INCLUDE_IN_FRAMEWORK_HEADER = YES;
				CLANG_WARN_RANGE_LOOP_ANALYSIS = YES;
				CLANG_WARN_STRICT_PROTOTYPES = YES;
				CLANG_WARN_SUSPICIOUS_MOVE = YES;
				CLANG_WARN_UNGUARDED_AVAILABILITY = YES_AGGRESSIVE;
				CLANG_WARN_UNREACHABLE_CODE = YES;
				CLANG_WARN__DUPLICATE_METHOD_MATCH = YES;
				COPY_PHASE_STRIP = NO;
				DEBUG_INFORMATION_FORMAT = dwarf;
				ENABLE_STRICT_OBJC_MSGSEND = YES;
				ENABLE_TESTABILITY = YES;
				GCC_C_LANGUAGE_STANDARD = gnu11;
				GCC_DYNAMIC_NO_PIC = NO;
				GCC_NO_COMMON_BLOCKS = YES;
				GCC_OPTIMIZATION_LEVEL = 0;
				GCC_PREPROCESSOR_DEFINITIONS = (
					"DEBUG=1",
					"$(inherited)",
				);
				GCC_WARN_64_TO_32_BIT_CONVERSION = YES;
				GCC_WARN_ABOUT_RETURN_TYPE = YES_ERROR;
				GCC_WARN_UNDECLARED_SELECTOR = YES;
				GCC_WARN_UNINITIALIZED_AUTOS = YES_AGGRESSIVE;
				GCC_WARN_UNUSED_FUNCTION = YES;
				GCC_WARN_UNUSED_VARIABLE = YES;
				IPHONEOS_DEPLOYMENT_TARGET = 16.1;
				MTL_ENABLE_DEBUG_INFO = INCLUDE_SOURCE;
				MTL_FAST_MATH = YES;
				ONLY_ACTIVE_ARCH = YES;
				SDKROOT = iphoneos;
				SWIFT_ACTIVE_COMPILATION_CONDITIONS = DEBUG;
				SWIFT_OPTIMIZATION_LEVEL = "-Onone";
			};
			name = Debug;
		};
		9AFED8E8292E357900A7B0A1 /* Release */ = {
			isa = XCBuildConfiguration;
			buildSettings = {
				ALWAYS_SEARCH_USER_PATHS = NO;
				CLANG_ANALYZER_NONNULL = YES;
				CLANG_ANALYZER_NUMBER_OBJECT_CONVERSION = YES_AGGRESSIVE;
				CLANG_CXX_LANGUAGE_STANDARD = "gnu++20";
				CLANG_ENABLE_MODULES = YES;
				CLANG_ENABLE_OBJC_ARC = YES;
				CLANG_ENABLE_OBJC_WEAK = YES;
				CLANG_WARN_BLOCK_CAPTURE_AUTORELEASING = YES;
				CLANG_WARN_BOOL_CONVERSION = YES;
				CLANG_WARN_COMMA = YES;
				CLANG_WARN_CONSTANT_CONVERSION = YES;
				CLANG_WARN_DEPRECATED_OBJC_IMPLEMENTATIONS = YES;
				CLANG_WARN_DIRECT_OBJC_ISA_USAGE = YES_ERROR;
				CLANG_WARN_DOCUMENTATION_COMMENTS = YES;
				CLANG_WARN_EMPTY_BODY = YES;
				CLANG_WARN_ENUM_CONVERSION = YES;
				CLANG_WARN_INFINITE_RECURSION = YES;
				CLANG_WARN_INT_CONVERSION = YES;
				CLANG_WARN_NON_LITERAL_NULL_CONVERSION = YES;
				CLANG_WARN_OBJC_IMPLICIT_RETAIN_SELF = YES;
				CLANG_WARN_OBJC_LITERAL_CONVERSION = YES;
				CLANG_WARN_OBJC_ROOT_CLASS = YES_ERROR;
				CLANG_WARN_QUOTED_INCLUDE_IN_FRAMEWORK_HEADER = YES;
				CLANG_WARN_RANGE_LOOP_ANALYSIS = YES;
				CLANG_WARN_STRICT_PROTOTYPES = YES;
				CLANG_WARN_SUSPICIOUS_MOVE = YES;
				CLANG_WARN_UNGUARDED_AVAILABILITY = YES_AGGRESSIVE;
				CLANG_WARN_UNREACHABLE_CODE = YES;
				CLANG_WARN__DUPLICATE_METHOD_MATCH = YES;
				COPY_PHASE_STRIP = NO;
				DEBUG_INFORMATION_FORMAT = "dwarf-with-dsym";
				ENABLE_NS_ASSERTIONS = NO;
				ENABLE_STRICT_OBJC_MSGSEND = YES;
				GCC_C_LANGUAGE_STANDARD = gnu11;
				GCC_NO_COMMON_BLOCKS = YES;
				GCC_WARN_64_TO_32_BIT_CONVERSION = YES;
				GCC_WARN_ABOUT_RETURN_TYPE = YES_ERROR;
				GCC_WARN_UNDECLARED_SELECTOR = YES;
				GCC_WARN_UNINITIALIZED_AUTOS = YES_AGGRESSIVE;
				GCC_WARN_UNUSED_FUNCTION = YES;
				GCC_WARN_UNUSED_VARIABLE = YES;
				IPHONEOS_DEPLOYMENT_TARGET = 16.1;
				MTL_ENABLE_DEBUG_INFO = NO;
				MTL_FAST_MATH = YES;
				SDKROOT = iphoneos;
				SWIFT_COMPILATION_MODE = wholemodule;
				SWIFT_OPTIMIZATION_LEVEL = "-O";
				VALIDATE_PRODUCT = YES;
			};
			name = Release;
		};
		9AFED8EA292E357900A7B0A1 /* Debug */ = {
			isa = XCBuildConfiguration;
			buildSettings = {
				ASSETCATALOG_COMPILER_APPICON_NAME = AppIcon;
				ASSETCATALOG_COMPILER_GLOBAL_ACCENT_COLOR_NAME = AccentColor;
				CODE_SIGN_STYLE = Automatic;
				CURRENT_PROJECT_VERSION = 1;
				GENERATE_INFOPLIST_FILE = YES;
				INFOPLIST_FILE = XOneTT/Info.plist;
				INFOPLIST_KEY_UIApplicationSupportsIndirectInputEvents = YES;
				INFOPLIST_KEY_UILaunchStoryboardName = LaunchScreen;
				INFOPLIST_KEY_UIMainStoryboardFile = MainScreen;
				INFOPLIST_KEY_UISupportedInterfaceOrientations_iPad = "UIInterfaceOrientationPortrait UIInterfaceOrientationPortraitUpsideDown UIInterfaceOrientationLandscapeLeft UIInterfaceOrientationLandscapeRight";
				INFOPLIST_KEY_UISupportedInterfaceOrientations_iPhone = "UIInterfaceOrientationPortrait UIInterfaceOrientationLandscapeLeft UIInterfaceOrientationLandscapeRight";
				IPHONEOS_DEPLOYMENT_TARGET = 13.0;
				LD_RUNPATH_SEARCH_PATHS = (
					"$(inherited)",
					"@executable_path/Frameworks",
				);
				MARKETING_VERSION = 1.0;
				PRODUCT_BUNDLE_IDENTIFIER = shalai.ivan.XOneTT;
				PRODUCT_NAME = "$(TARGET_NAME)";
				SWIFT_EMIT_LOC_STRINGS = YES;
				SWIFT_VERSION = 5.0;
				TARGETED_DEVICE_FAMILY = "1,2";
			};
			name = Debug;
		};
		9AFED8EB292E357900A7B0A1 /* Release */ = {
			isa = XCBuildConfiguration;
			buildSettings = {
				ASSETCATALOG_COMPILER_APPICON_NAME = AppIcon;
				ASSETCATALOG_COMPILER_GLOBAL_ACCENT_COLOR_NAME = AccentColor;
				CODE_SIGN_STYLE = Automatic;
				CURRENT_PROJECT_VERSION = 1;
				GENERATE_INFOPLIST_FILE = YES;
				INFOPLIST_FILE = XOneTT/Info.plist;
				INFOPLIST_KEY_UIApplicationSupportsIndirectInputEvents = YES;
				INFOPLIST_KEY_UILaunchStoryboardName = LaunchScreen;
				INFOPLIST_KEY_UIMainStoryboardFile = MainScreen;
				INFOPLIST_KEY_UISupportedInterfaceOrientations_iPad = "UIInterfaceOrientationPortrait UIInterfaceOrientationPortraitUpsideDown UIInterfaceOrientationLandscapeLeft UIInterfaceOrientationLandscapeRight";
				INFOPLIST_KEY_UISupportedInterfaceOrientations_iPhone = "UIInterfaceOrientationPortrait UIInterfaceOrientationLandscapeLeft UIInterfaceOrientationLandscapeRight";
				IPHONEOS_DEPLOYMENT_TARGET = 13.0;
				LD_RUNPATH_SEARCH_PATHS = (
					"$(inherited)",
					"@executable_path/Frameworks",
				);
				MARKETING_VERSION = 1.0;
				PRODUCT_BUNDLE_IDENTIFIER = shalai.ivan.XOneTT;
				PRODUCT_NAME = "$(TARGET_NAME)";
				SWIFT_EMIT_LOC_STRINGS = YES;
				SWIFT_VERSION = 5.0;
				TARGETED_DEVICE_FAMILY = "1,2";
			};
			name = Release;
		};
/* End XCBuildConfiguration section */

/* Begin XCConfigurationList section */
		9AFED8D0292E357700A7B0A1 /* Build configuration list for PBXProject "XOneTT" */ = {
			isa = XCConfigurationList;
			buildConfigurations = (
				9AFED8E7292E357900A7B0A1 /* Debug */,
				9AFED8E8292E357900A7B0A1 /* Release */,
			);
			defaultConfigurationIsVisible = 0;
			defaultConfigurationName = Release;
		};
		9AFED8E9292E357900A7B0A1 /* Build configuration list for PBXNativeTarget "XOneTT" */ = {
			isa = XCConfigurationList;
			buildConfigurations = (
				9AFED8EA292E357900A7B0A1 /* Debug */,
				9AFED8EB292E357900A7B0A1 /* Release */,
			);
			defaultConfigurationIsVisible = 0;
			defaultConfigurationName = Release;
		};
/* End XCConfigurationList section */
	};
	rootObject = 9AFED8CD292E357700A7B0A1 /* Project object */;
}
